// !$*UTF8*$!
{
	archiveVersion = 1;
	classes = {
	};
	objectVersion = 56;
	objects = {

/* Begin PBXBuildFile section */
		900086722A54173100010CDC /* TrackersPlaceholderStarView.swift in Sources */ = {isa = PBXBuildFile; fileRef = 900086712A54173100010CDC /* TrackersPlaceholderStarView.swift */; };
		9012D2D22A4BD3CF006F39A2 /* TrackerFormViewController.swift in Sources */ = {isa = PBXBuildFile; fileRef = 9012D2D12A4BD3CF006F39A2 /* TrackerFormViewController.swift */; };
		9012D2D52A4BD4EE006F39A2 /* TrackerType.swift in Sources */ = {isa = PBXBuildFile; fileRef = 9012D2D42A4BD4EE006F39A2 /* TrackerType.swift */; };
		9012D2DA2A4C03AC006F39A2 /* TrackerTitleTextFieldCell.swift in Sources */ = {isa = PBXBuildFile; fileRef = 9012D2D92A4C03AC006F39A2 /* TrackerTitleTextFieldCell.swift */; };
		90230F1F2A578FA100653870 /* Date+Tracker.swift in Sources */ = {isa = PBXBuildFile; fileRef = 90230F1E2A578FA100653870 /* Date+Tracker.swift */; };
		902363552A4B249B00A8896A /* TrackerTypePickerViewController.swift in Sources */ = {isa = PBXBuildFile; fileRef = 902363542A4B249B00A8896A /* TrackerTypePickerViewController.swift */; };
		90576AA12A64BE510036C948 /* TrackerEmojiPickerCell.swift in Sources */ = {isa = PBXBuildFile; fileRef = 90576AA02A64BE510036C948 /* TrackerEmojiPickerCell.swift */; };
		90576AAA2A6574830036C948 /* TrackerEmojiPickerCellModel.swift in Sources */ = {isa = PBXBuildFile; fileRef = 90576AA92A6574830036C948 /* TrackerEmojiPickerCellModel.swift */; };
		90576AAC2A6576290036C948 /* TrackerFormHeaderView.swift in Sources */ = {isa = PBXBuildFile; fileRef = 90576AAB2A6576290036C948 /* TrackerFormHeaderView.swift */; };
		905876002A4E65EF0035E50A /* WeekDayPickerViewController.swift in Sources */ = {isa = PBXBuildFile; fileRef = 905875FF2A4E65EF0035E50A /* WeekDayPickerViewController.swift */; };
		905876022A4E683D0035E50A /* WeekDaySwitchCell.swift in Sources */ = {isa = PBXBuildFile; fileRef = 905876012A4E683D0035E50A /* WeekDaySwitchCell.swift */; };
		905876042A4E89E60035E50A /* WeekDaySwitchCellModel.swift in Sources */ = {isa = PBXBuildFile; fileRef = 905876032A4E89E60035E50A /* WeekDaySwitchCellModel.swift */; };
		905876092A4E960C0035E50A /* WeekDayPickerDelegate.swift in Sources */ = {isa = PBXBuildFile; fileRef = 905876082A4E960C0035E50A /* WeekDayPickerDelegate.swift */; };
		905A90D62A7011E500016876 /* TrackerColorPickerCellModel.swift in Sources */ = {isa = PBXBuildFile; fileRef = 905A90D52A7011E500016876 /* TrackerColorPickerCellModel.swift */; };
		90615E862A3EF3BE00D95838 /* UIFont+Tracker.swift in Sources */ = {isa = PBXBuildFile; fileRef = 90615E852A3EF3BE00D95838 /* UIFont+Tracker.swift */; };
		90615E8E2A3F2CC300D95838 /* TabBarController.swift in Sources */ = {isa = PBXBuildFile; fileRef = 90615E8D2A3F2CC300D95838 /* TabBarController.swift */; };
		90615E922A3F363700D95838 /* StatisticsViewController.swift in Sources */ = {isa = PBXBuildFile; fileRef = 90615E912A3F363700D95838 /* StatisticsViewController.swift */; };
		906950792A4D7D5A0046145D /* TrackerCategoryPickerCell.swift in Sources */ = {isa = PBXBuildFile; fileRef = 906950782A4D7D5A0046145D /* TrackerCategoryPickerCell.swift */; };
		908814CE2A49C7F800736AE6 /* TrackerCardsCategoryHeaderView.swift in Sources */ = {isa = PBXBuildFile; fileRef = 908814CD2A49C7F800736AE6 /* TrackerCardsCategoryHeaderView.swift */; };
		90954FE12A4FA83300D4CB9A /* TrackerTitleTextFieldCellModel.swift in Sources */ = {isa = PBXBuildFile; fileRef = 90954FE02A4FA83300D4CB9A /* TrackerTitleTextFieldCellModel.swift */; };
		90954FE72A4FC59500D4CB9A /* TrackerBaseCell.swift in Sources */ = {isa = PBXBuildFile; fileRef = 90954FE62A4FC59500D4CB9A /* TrackerBaseCell.swift */; };
		90954FE92A4FCEBE00D4CB9A /* TrackerBaseCellModelProtocol.swift in Sources */ = {isa = PBXBuildFile; fileRef = 90954FE82A4FCEBE00D4CB9A /* TrackerBaseCellModelProtocol.swift */; };
		90954FEB2A4FD24D00D4CB9A /* TrackerBaseCellModel.swift in Sources */ = {isa = PBXBuildFile; fileRef = 90954FEA2A4FD24D00D4CB9A /* TrackerBaseCellModel.swift */; };
		90954FED2A4FD9E300D4CB9A /* TrackerSchedulePickerCellModel.swift in Sources */ = {isa = PBXBuildFile; fileRef = 90954FEC2A4FD9E300D4CB9A /* TrackerSchedulePickerCellModel.swift */; };
		90954FEF2A4FDA8400D4CB9A /* TrackerSchedulePickerCell.swift in Sources */ = {isa = PBXBuildFile; fileRef = 90954FEE2A4FDA8400D4CB9A /* TrackerSchedulePickerCell.swift */; };
		90954FF12A4FDE6200D4CB9A /* TrackerErrorCellModel.swift in Sources */ = {isa = PBXBuildFile; fileRef = 90954FF02A4FDE6200D4CB9A /* TrackerErrorCellModel.swift */; };
		90954FF32A4FDF3000D4CB9A /* TrackerErrorCell.swift in Sources */ = {isa = PBXBuildFile; fileRef = 90954FF22A4FDF3000D4CB9A /* TrackerErrorCell.swift */; };
		90954FF52A4FEFC100D4CB9A /* Tracker+UIEdgeInsets.swift in Sources */ = {isa = PBXBuildFile; fileRef = 90954FF42A4FEFC100D4CB9A /* Tracker+UIEdgeInsets.swift */; };
		9096D3F62A3EC64700B9EC48 /* UIColor+Tracker.swift in Sources */ = {isa = PBXBuildFile; fileRef = 9096D3F52A3EC64700B9EC48 /* UIColor+Tracker.swift */; };
		9096D3FC2A3ED12800B9EC48 /* YS Display-Bold.ttf in Resources */ = {isa = PBXBuildFile; fileRef = 9096D3F92A3ED12800B9EC48 /* YS Display-Bold.ttf */; };
		9096D3FD2A3ED12800B9EC48 /* YS Display-Medium.ttf in Resources */ = {isa = PBXBuildFile; fileRef = 9096D3FA2A3ED12800B9EC48 /* YS Display-Medium.ttf */; };
		9096D3FE2A3ED12800B9EC48 /* YS Display-Regular.ttf in Resources */ = {isa = PBXBuildFile; fileRef = 9096D3FB2A3ED12800B9EC48 /* YS Display-Regular.ttf */; };
		90984A632A48691C00FF3627 /* TrackerCardCollectionViewCell.swift in Sources */ = {isa = PBXBuildFile; fileRef = 90984A622A48691C00FF3627 /* TrackerCardCollectionViewCell.swift */; };
		909D074D2A2311C70082F768 /* AppDelegate.swift in Sources */ = {isa = PBXBuildFile; fileRef = 909D074C2A2311C70082F768 /* AppDelegate.swift */; };
		909D074F2A2311C70082F768 /* SceneDelegate.swift in Sources */ = {isa = PBXBuildFile; fileRef = 909D074E2A2311C70082F768 /* SceneDelegate.swift */; };
		909D07512A2311C70082F768 /* TrackersViewController.swift in Sources */ = {isa = PBXBuildFile; fileRef = 909D07502A2311C70082F768 /* TrackersViewController.swift */; };
		909D07562A2311C80082F768 /* Assets.xcassets in Resources */ = {isa = PBXBuildFile; fileRef = 909D07552A2311C80082F768 /* Assets.xcassets */; };
		909D07592A2311C80082F768 /* LaunchScreen.storyboard in Resources */ = {isa = PBXBuildFile; fileRef = 909D07572A2311C80082F768 /* LaunchScreen.storyboard */; };
		90A30D192A559A90001A5493 /* TrackersStorageService.swift in Sources */ = {isa = PBXBuildFile; fileRef = 90A30D182A559A90001A5493 /* TrackersStorageService.swift */; };
		90A30D1C2A559D79001A5493 /* MulticastDelegate in Frameworks */ = {isa = PBXBuildFile; productRef = 90A30D1B2A559D79001A5493 /* MulticastDelegate */; };
		90C162B42A76387400D3026E /* TrackerColorPickerCell.swift in Sources */ = {isa = PBXBuildFile; fileRef = 90C162B32A76387400D3026E /* TrackerColorPickerCell.swift */; };
		90C162B62A763A9C00D3026E /* ColorCell.swift in Sources */ = {isa = PBXBuildFile; fileRef = 90C162B52A763A9C00D3026E /* ColorCell.swift */; };
		90C975E32A4DC71800FAD486 /* TrackerCategoryPickerCellModel.swift in Sources */ = {isa = PBXBuildFile; fileRef = 90C975E22A4DC71800FAD486 /* TrackerCategoryPickerCellModel.swift */; };
		90C975E52A4DCF7000FAD486 /* WeekDayFormatter.swift in Sources */ = {isa = PBXBuildFile; fileRef = 90C975E42A4DCF7000FAD486 /* WeekDayFormatter.swift */; };
		90C975E82A4DD00900FAD486 /* WeekDay.swift in Sources */ = {isa = PBXBuildFile; fileRef = 90C975E72A4DD00900FAD486 /* WeekDay.swift */; };
		90CE65CD2A505A0C00E3540C /* CategoryCreationViewController.swift in Sources */ = {isa = PBXBuildFile; fileRef = 90CE65CC2A505A0C00E3540C /* CategoryCreationViewController.swift */; };
		90F182A72A4EFA85007F99CD /* TrackerCategoryPickerViewController.swift in Sources */ = {isa = PBXBuildFile; fileRef = 90F182A62A4EFA85007F99CD /* TrackerCategoryPickerViewController.swift */; };
		90F182AF2A4EFDDD007F99CD /* TrackerCategoryCellModel.swift in Sources */ = {isa = PBXBuildFile; fileRef = 90F182AE2A4EFDDD007F99CD /* TrackerCategoryCellModel.swift */; };
		90F182B12A4EFE3B007F99CD /* TrackerCategoryCell.swift in Sources */ = {isa = PBXBuildFile; fileRef = 90F182B02A4EFE3B007F99CD /* TrackerCategoryCell.swift */; };
		90F182B32A4F05D2007F99CD /* TrackerCategoryPickerDelegate.swift in Sources */ = {isa = PBXBuildFile; fileRef = 90F182B22A4F05D2007F99CD /* TrackerCategoryPickerDelegate.swift */; };
		90F53F5D2A4A6A770062B877 /* Tracker.swift in Sources */ = {isa = PBXBuildFile; fileRef = 90F53F5C2A4A6A770062B877 /* Tracker.swift */; };
		90F53F5F2A4A6A800062B877 /* TrackerRecord.swift in Sources */ = {isa = PBXBuildFile; fileRef = 90F53F5E2A4A6A800062B877 /* TrackerRecord.swift */; };
		90F53F612A4A6A900062B877 /* TrackerCategory.swift in Sources */ = {isa = PBXBuildFile; fileRef = 90F53F602A4A6A900062B877 /* TrackerCategory.swift */; };
		90F53F632A4A799E0062B877 /* Array+Tracker.swift in Sources */ = {isa = PBXBuildFile; fileRef = 90F53F622A4A799E0062B877 /* Array+Tracker.swift */; };
		90F54ED92A52F9430060F8DF /* StateButton.swift in Sources */ = {isa = PBXBuildFile; fileRef = 90F54ED82A52F9430060F8DF /* StateButton.swift */; };
		90FFBB002A6A414B009C3D8A /* EmojiCell.swift in Sources */ = {isa = PBXBuildFile; fileRef = 90FFBAFF2A6A414B009C3D8A /* EmojiCell.swift */; };
/* End PBXBuildFile section */

/* Begin PBXFileReference section */
		900086712A54173100010CDC /* TrackersPlaceholderStarView.swift */ = {isa = PBXFileReference; lastKnownFileType = sourcecode.swift; path = TrackersPlaceholderStarView.swift; sourceTree = "<group>"; };
		9012D2D12A4BD3CF006F39A2 /* TrackerFormViewController.swift */ = {isa = PBXFileReference; lastKnownFileType = sourcecode.swift; path = TrackerFormViewController.swift; sourceTree = "<group>"; };
		9012D2D42A4BD4EE006F39A2 /* TrackerType.swift */ = {isa = PBXFileReference; lastKnownFileType = sourcecode.swift; path = TrackerType.swift; sourceTree = "<group>"; };
		9012D2D92A4C03AC006F39A2 /* TrackerTitleTextFieldCell.swift */ = {isa = PBXFileReference; lastKnownFileType = sourcecode.swift; path = TrackerTitleTextFieldCell.swift; sourceTree = "<group>"; };
		90230F1E2A578FA100653870 /* Date+Tracker.swift */ = {isa = PBXFileReference; lastKnownFileType = sourcecode.swift; path = "Date+Tracker.swift"; sourceTree = "<group>"; };
		902363542A4B249B00A8896A /* TrackerTypePickerViewController.swift */ = {isa = PBXFileReference; lastKnownFileType = sourcecode.swift; path = TrackerTypePickerViewController.swift; sourceTree = "<group>"; };
		90576AA02A64BE510036C948 /* TrackerEmojiPickerCell.swift */ = {isa = PBXFileReference; lastKnownFileType = sourcecode.swift; path = TrackerEmojiPickerCell.swift; sourceTree = "<group>"; };
		90576AA92A6574830036C948 /* TrackerEmojiPickerCellModel.swift */ = {isa = PBXFileReference; lastKnownFileType = sourcecode.swift; path = TrackerEmojiPickerCellModel.swift; sourceTree = "<group>"; };
		90576AAB2A6576290036C948 /* TrackerFormHeaderView.swift */ = {isa = PBXFileReference; lastKnownFileType = sourcecode.swift; path = TrackerFormHeaderView.swift; sourceTree = "<group>"; };
		905875FF2A4E65EF0035E50A /* WeekDayPickerViewController.swift */ = {isa = PBXFileReference; lastKnownFileType = sourcecode.swift; path = WeekDayPickerViewController.swift; sourceTree = "<group>"; };
		905876012A4E683D0035E50A /* WeekDaySwitchCell.swift */ = {isa = PBXFileReference; lastKnownFileType = sourcecode.swift; path = WeekDaySwitchCell.swift; sourceTree = "<group>"; };
		905876032A4E89E60035E50A /* WeekDaySwitchCellModel.swift */ = {isa = PBXFileReference; lastKnownFileType = sourcecode.swift; path = WeekDaySwitchCellModel.swift; sourceTree = "<group>"; };
		905876082A4E960C0035E50A /* WeekDayPickerDelegate.swift */ = {isa = PBXFileReference; lastKnownFileType = sourcecode.swift; path = WeekDayPickerDelegate.swift; sourceTree = "<group>"; };
		905A90D52A7011E500016876 /* TrackerColorPickerCellModel.swift */ = {isa = PBXFileReference; lastKnownFileType = sourcecode.swift; path = TrackerColorPickerCellModel.swift; sourceTree = "<group>"; };
		90615E852A3EF3BE00D95838 /* UIFont+Tracker.swift */ = {isa = PBXFileReference; lastKnownFileType = sourcecode.swift; path = "UIFont+Tracker.swift"; sourceTree = "<group>"; };
		90615E8D2A3F2CC300D95838 /* TabBarController.swift */ = {isa = PBXFileReference; lastKnownFileType = sourcecode.swift; path = TabBarController.swift; sourceTree = "<group>"; };
		90615E912A3F363700D95838 /* StatisticsViewController.swift */ = {isa = PBXFileReference; lastKnownFileType = sourcecode.swift; path = StatisticsViewController.swift; sourceTree = "<group>"; };
		906950782A4D7D5A0046145D /* TrackerCategoryPickerCell.swift */ = {isa = PBXFileReference; lastKnownFileType = sourcecode.swift; path = TrackerCategoryPickerCell.swift; sourceTree = "<group>"; };
		908814CD2A49C7F800736AE6 /* TrackerCardsCategoryHeaderView.swift */ = {isa = PBXFileReference; lastKnownFileType = sourcecode.swift; path = TrackerCardsCategoryHeaderView.swift; sourceTree = "<group>"; };
		90954FE02A4FA83300D4CB9A /* TrackerTitleTextFieldCellModel.swift */ = {isa = PBXFileReference; lastKnownFileType = sourcecode.swift; path = TrackerTitleTextFieldCellModel.swift; sourceTree = "<group>"; };
		90954FE62A4FC59500D4CB9A /* TrackerBaseCell.swift */ = {isa = PBXFileReference; lastKnownFileType = sourcecode.swift; path = TrackerBaseCell.swift; sourceTree = "<group>"; };
		90954FE82A4FCEBE00D4CB9A /* TrackerBaseCellModelProtocol.swift */ = {isa = PBXFileReference; lastKnownFileType = sourcecode.swift; path = TrackerBaseCellModelProtocol.swift; sourceTree = "<group>"; };
		90954FEA2A4FD24D00D4CB9A /* TrackerBaseCellModel.swift */ = {isa = PBXFileReference; lastKnownFileType = sourcecode.swift; path = TrackerBaseCellModel.swift; sourceTree = "<group>"; };
		90954FEC2A4FD9E300D4CB9A /* TrackerSchedulePickerCellModel.swift */ = {isa = PBXFileReference; lastKnownFileType = sourcecode.swift; path = TrackerSchedulePickerCellModel.swift; sourceTree = "<group>"; };
		90954FEE2A4FDA8400D4CB9A /* TrackerSchedulePickerCell.swift */ = {isa = PBXFileReference; lastKnownFileType = sourcecode.swift; path = TrackerSchedulePickerCell.swift; sourceTree = "<group>"; };
		90954FF02A4FDE6200D4CB9A /* TrackerErrorCellModel.swift */ = {isa = PBXFileReference; lastKnownFileType = sourcecode.swift; path = TrackerErrorCellModel.swift; sourceTree = "<group>"; };
		90954FF22A4FDF3000D4CB9A /* TrackerErrorCell.swift */ = {isa = PBXFileReference; lastKnownFileType = sourcecode.swift; path = TrackerErrorCell.swift; sourceTree = "<group>"; };
		90954FF42A4FEFC100D4CB9A /* Tracker+UIEdgeInsets.swift */ = {isa = PBXFileReference; lastKnownFileType = sourcecode.swift; path = "Tracker+UIEdgeInsets.swift"; sourceTree = "<group>"; };
		9096D3F52A3EC64700B9EC48 /* UIColor+Tracker.swift */ = {isa = PBXFileReference; lastKnownFileType = sourcecode.swift; path = "UIColor+Tracker.swift"; sourceTree = "<group>"; };
		9096D3F92A3ED12800B9EC48 /* YS Display-Bold.ttf */ = {isa = PBXFileReference; lastKnownFileType = file; path = "YS Display-Bold.ttf"; sourceTree = "<group>"; };
		9096D3FA2A3ED12800B9EC48 /* YS Display-Medium.ttf */ = {isa = PBXFileReference; lastKnownFileType = file; path = "YS Display-Medium.ttf"; sourceTree = "<group>"; };
		9096D3FB2A3ED12800B9EC48 /* YS Display-Regular.ttf */ = {isa = PBXFileReference; lastKnownFileType = file; path = "YS Display-Regular.ttf"; sourceTree = "<group>"; };
		90984A622A48691C00FF3627 /* TrackerCardCollectionViewCell.swift */ = {isa = PBXFileReference; lastKnownFileType = sourcecode.swift; path = TrackerCardCollectionViewCell.swift; sourceTree = "<group>"; };
		909D07492A2311C70082F768 /* Tracker.app */ = {isa = PBXFileReference; explicitFileType = wrapper.application; includeInIndex = 0; path = Tracker.app; sourceTree = BUILT_PRODUCTS_DIR; };
		909D074C2A2311C70082F768 /* AppDelegate.swift */ = {isa = PBXFileReference; lastKnownFileType = sourcecode.swift; path = AppDelegate.swift; sourceTree = "<group>"; };
		909D074E2A2311C70082F768 /* SceneDelegate.swift */ = {isa = PBXFileReference; lastKnownFileType = sourcecode.swift; path = SceneDelegate.swift; sourceTree = "<group>"; };
		909D07502A2311C70082F768 /* TrackersViewController.swift */ = {isa = PBXFileReference; lastKnownFileType = sourcecode.swift; path = TrackersViewController.swift; sourceTree = "<group>"; };
		909D07552A2311C80082F768 /* Assets.xcassets */ = {isa = PBXFileReference; lastKnownFileType = folder.assetcatalog; path = Assets.xcassets; sourceTree = "<group>"; };
		909D07582A2311C80082F768 /* Base */ = {isa = PBXFileReference; lastKnownFileType = file.storyboard; name = Base; path = Base.lproj/LaunchScreen.storyboard; sourceTree = "<group>"; };
		909D075A2A2311C80082F768 /* Info.plist */ = {isa = PBXFileReference; lastKnownFileType = text.plist.xml; path = Info.plist; sourceTree = "<group>"; };
		90A30D182A559A90001A5493 /* TrackersStorageService.swift */ = {isa = PBXFileReference; lastKnownFileType = sourcecode.swift; path = TrackersStorageService.swift; sourceTree = "<group>"; };
		90C162B32A76387400D3026E /* TrackerColorPickerCell.swift */ = {isa = PBXFileReference; lastKnownFileType = sourcecode.swift; path = TrackerColorPickerCell.swift; sourceTree = "<group>"; };
		90C162B52A763A9C00D3026E /* ColorCell.swift */ = {isa = PBXFileReference; lastKnownFileType = sourcecode.swift; path = ColorCell.swift; sourceTree = "<group>"; };
		90C975E22A4DC71800FAD486 /* TrackerCategoryPickerCellModel.swift */ = {isa = PBXFileReference; lastKnownFileType = sourcecode.swift; path = TrackerCategoryPickerCellModel.swift; sourceTree = "<group>"; };
		90C975E42A4DCF7000FAD486 /* WeekDayFormatter.swift */ = {isa = PBXFileReference; lastKnownFileType = sourcecode.swift; path = WeekDayFormatter.swift; sourceTree = "<group>"; };
		90C975E72A4DD00900FAD486 /* WeekDay.swift */ = {isa = PBXFileReference; lastKnownFileType = sourcecode.swift; path = WeekDay.swift; sourceTree = "<group>"; };
		90CE65CC2A505A0C00E3540C /* CategoryCreationViewController.swift */ = {isa = PBXFileReference; lastKnownFileType = sourcecode.swift; path = CategoryCreationViewController.swift; sourceTree = "<group>"; };
		90F182A62A4EFA85007F99CD /* TrackerCategoryPickerViewController.swift */ = {isa = PBXFileReference; lastKnownFileType = sourcecode.swift; path = TrackerCategoryPickerViewController.swift; sourceTree = "<group>"; };
		90F182AE2A4EFDDD007F99CD /* TrackerCategoryCellModel.swift */ = {isa = PBXFileReference; lastKnownFileType = sourcecode.swift; path = TrackerCategoryCellModel.swift; sourceTree = "<group>"; };
		90F182B02A4EFE3B007F99CD /* TrackerCategoryCell.swift */ = {isa = PBXFileReference; lastKnownFileType = sourcecode.swift; path = TrackerCategoryCell.swift; sourceTree = "<group>"; };
		90F182B22A4F05D2007F99CD /* TrackerCategoryPickerDelegate.swift */ = {isa = PBXFileReference; lastKnownFileType = sourcecode.swift; path = TrackerCategoryPickerDelegate.swift; sourceTree = "<group>"; };
		90F53F5C2A4A6A770062B877 /* Tracker.swift */ = {isa = PBXFileReference; lastKnownFileType = sourcecode.swift; path = Tracker.swift; sourceTree = "<group>"; };
		90F53F5E2A4A6A800062B877 /* TrackerRecord.swift */ = {isa = PBXFileReference; lastKnownFileType = sourcecode.swift; path = TrackerRecord.swift; sourceTree = "<group>"; };
		90F53F602A4A6A900062B877 /* TrackerCategory.swift */ = {isa = PBXFileReference; lastKnownFileType = sourcecode.swift; path = TrackerCategory.swift; sourceTree = "<group>"; };
		90F53F622A4A799E0062B877 /* Array+Tracker.swift */ = {isa = PBXFileReference; lastKnownFileType = sourcecode.swift; path = "Array+Tracker.swift"; sourceTree = "<group>"; };
		90F54ED82A52F9430060F8DF /* StateButton.swift */ = {isa = PBXFileReference; lastKnownFileType = sourcecode.swift; path = StateButton.swift; sourceTree = "<group>"; };
		90FFBAFF2A6A414B009C3D8A /* EmojiCell.swift */ = {isa = PBXFileReference; lastKnownFileType = sourcecode.swift; path = EmojiCell.swift; sourceTree = "<group>"; };
/* End PBXFileReference section */

/* Begin PBXFrameworksBuildPhase section */
		909D07462A2311C70082F768 /* Frameworks */ = {
			isa = PBXFrameworksBuildPhase;
			buildActionMask = 2147483647;
			files = (
				90A30D1C2A559D79001A5493 /* MulticastDelegate in Frameworks */,
			);
			runOnlyForDeploymentPostprocessing = 0;
		};
/* End PBXFrameworksBuildPhase section */

/* Begin PBXGroup section */
		9012D2D62A4C0159006F39A2 /* TrackerCreationUserStory */ = {
			isa = PBXGroup;
			children = (
				90F182A42A4EF9F5007F99CD /* TrackerTypePicker */,
				9012D2D72A4C0176006F39A2 /* TrackerForm */,
				90F182A52A4EFA4D007F99CD /* TrackerCategoryPicker */,
				90CE65CA2A5059E800E3540C /* CategoryCreation */,
				905876052A4E93550035E50A /* WeekDayPicker */,
			);
			path = TrackerCreationUserStory;
			sourceTree = "<group>";
		};
		9012D2D72A4C0176006F39A2 /* TrackerForm */ = {
			isa = PBXGroup;
			children = (
				90F182A82A4EFC3A007F99CD /* View */,
				9012D2D82A4C037F006F39A2 /* Cells */,
				90C975E12A4DC6EA00FAD486 /* CellModels */,
			);
			path = TrackerForm;
			sourceTree = "<group>";
		};
		9012D2D82A4C037F006F39A2 /* Cells */ = {
			isa = PBXGroup;
			children = (
				9012D2D92A4C03AC006F39A2 /* TrackerTitleTextFieldCell.swift */,
				90954FF22A4FDF3000D4CB9A /* TrackerErrorCell.swift */,
				906950782A4D7D5A0046145D /* TrackerCategoryPickerCell.swift */,
				90954FEE2A4FDA8400D4CB9A /* TrackerSchedulePickerCell.swift */,
				90FFBAFE2A6A4125009C3D8A /* TracklerEmojiPickerCell */,
				905A90D42A70119600016876 /* TrackerColorPickerCell */,
			);
			path = Cells;
			sourceTree = "<group>";
		};
		905876052A4E93550035E50A /* WeekDayPicker */ = {
			isa = PBXGroup;
			children = (
				905876062A4E95200035E50A /* View */,
				90F182A92A4EFC4E007F99CD /* Cells */,
				905876072A4E95340035E50A /* CellModels */,
			);
			path = WeekDayPicker;
			sourceTree = "<group>";
		};
		905876062A4E95200035E50A /* View */ = {
			isa = PBXGroup;
			children = (
				905875FF2A4E65EF0035E50A /* WeekDayPickerViewController.swift */,
				905876082A4E960C0035E50A /* WeekDayPickerDelegate.swift */,
			);
			path = View;
			sourceTree = "<group>";
		};
		905876072A4E95340035E50A /* CellModels */ = {
			isa = PBXGroup;
			children = (
				905876032A4E89E60035E50A /* WeekDaySwitchCellModel.swift */,
			);
			path = CellModels;
			sourceTree = "<group>";
		};
		905A90D42A70119600016876 /* TrackerColorPickerCell */ = {
			isa = PBXGroup;
			children = (
				90C162B32A76387400D3026E /* TrackerColorPickerCell.swift */,
				90C162B52A763A9C00D3026E /* ColorCell.swift */,
			);
			path = TrackerColorPickerCell;
			sourceTree = "<group>";
		};
		90615E872A3F2AB300D95838 /* ApplicationLayer */ = {
			isa = PBXGroup;
			children = (
				909D074C2A2311C70082F768 /* AppDelegate.swift */,
				909D074E2A2311C70082F768 /* SceneDelegate.swift */,
			);
			path = ApplicationLayer;
			sourceTree = "<group>";
		};
		90615E882A3F2B3700D95838 /* Source */ = {
			isa = PBXGroup;
			children = (
				90615E872A3F2AB300D95838 /* ApplicationLayer */,
				90615E892A3F2C0B00D95838 /* PresentationLayer */,
				90615E8A2A3F2C5500D95838 /* Common */,
			);
			path = Source;
			sourceTree = "<group>";
		};
		90615E892A3F2C0B00D95838 /* PresentationLayer */ = {
			isa = PBXGroup;
			children = (
				90615E8B2A3F2C8E00D95838 /* UserStories */,
			);
			path = PresentationLayer;
			sourceTree = "<group>";
		};
		90615E8A2A3F2C5500D95838 /* Common */ = {
			isa = PBXGroup;
			children = (
				90F54ED72A52F91E0060F8DF /* View */,
				90954FE52A4FC53D00D4CB9A /* CellModels */,
				90954FE42A4FC53700D4CB9A /* Cells */,
				90C975E92A4DD00C00FAD486 /* Models */,
				90C975E62A4DCF7900FAD486 /* Helpers */,
				90A30D172A5599EC001A5493 /* Services */,
				9096D3F42A3EC62C00B9EC48 /* Extensions */,
			);
			path = Common;
			sourceTree = "<group>";
		};
		90615E8B2A3F2C8E00D95838 /* UserStories */ = {
			isa = PBXGroup;
			children = (
				90615E8C2A3F2CA000D95838 /* TabBarUserStory */,
				90615E8F2A3F31B200D95838 /* TrackersUserStory */,
				9012D2D62A4C0159006F39A2 /* TrackerCreationUserStory */,
				90615E902A3F35FF00D95838 /* StatisticsUserStory */,
			);
			path = UserStories;
			sourceTree = "<group>";
		};
		90615E8C2A3F2CA000D95838 /* TabBarUserStory */ = {
			isa = PBXGroup;
			children = (
				90615E8D2A3F2CC300D95838 /* TabBarController.swift */,
			);
			path = TabBarUserStory;
			sourceTree = "<group>";
		};
		90615E8F2A3F31B200D95838 /* TrackersUserStory */ = {
			isa = PBXGroup;
			children = (
				90F53F5A2A4A69500062B877 /* View */,
				90F53F5B2A4A6A580062B877 /* Models */,
			);
			path = TrackersUserStory;
			sourceTree = "<group>";
		};
		90615E902A3F35FF00D95838 /* StatisticsUserStory */ = {
			isa = PBXGroup;
			children = (
				90615E912A3F363700D95838 /* StatisticsViewController.swift */,
			);
			path = StatisticsUserStory;
			sourceTree = "<group>";
		};
		90954FE42A4FC53700D4CB9A /* Cells */ = {
			isa = PBXGroup;
			children = (
				90954FE62A4FC59500D4CB9A /* TrackerBaseCell.swift */,
			);
			path = Cells;
			sourceTree = "<group>";
		};
		90954FE52A4FC53D00D4CB9A /* CellModels */ = {
			isa = PBXGroup;
			children = (
				90954FE82A4FCEBE00D4CB9A /* TrackerBaseCellModelProtocol.swift */,
				90954FEA2A4FD24D00D4CB9A /* TrackerBaseCellModel.swift */,
			);
			path = CellModels;
			sourceTree = "<group>";
		};
		9096D3F42A3EC62C00B9EC48 /* Extensions */ = {
			isa = PBXGroup;
			children = (
				9096D3F52A3EC64700B9EC48 /* UIColor+Tracker.swift */,
				90615E852A3EF3BE00D95838 /* UIFont+Tracker.swift */,
				90F53F622A4A799E0062B877 /* Array+Tracker.swift */,
				90954FF42A4FEFC100D4CB9A /* Tracker+UIEdgeInsets.swift */,
				90230F1E2A578FA100653870 /* Date+Tracker.swift */,
			);
			path = Extensions;
			sourceTree = "<group>";
		};
		9096D3F72A3ED0FC00B9EC48 /* Resources */ = {
			isa = PBXGroup;
			children = (
				9096D3F82A3ED11200B9EC48 /* Fonts */,
				909D07552A2311C80082F768 /* Assets.xcassets */,
			);
			path = Resources;
			sourceTree = "<group>";
		};
		9096D3F82A3ED11200B9EC48 /* Fonts */ = {
			isa = PBXGroup;
			children = (
				9096D3F92A3ED12800B9EC48 /* YS Display-Bold.ttf */,
				9096D3FA2A3ED12800B9EC48 /* YS Display-Medium.ttf */,
				9096D3FB2A3ED12800B9EC48 /* YS Display-Regular.ttf */,
			);
			path = Fonts;
			sourceTree = "<group>";
		};
		909D07402A2311C70082F768 = {
			isa = PBXGroup;
			children = (
				909D074B2A2311C70082F768 /* Tracker */,
				909D074A2A2311C70082F768 /* Products */,
			);
			sourceTree = "<group>";
		};
		909D074A2A2311C70082F768 /* Products */ = {
			isa = PBXGroup;
			children = (
				909D07492A2311C70082F768 /* Tracker.app */,
			);
			name = Products;
			sourceTree = "<group>";
		};
		909D074B2A2311C70082F768 /* Tracker */ = {
			isa = PBXGroup;
			children = (
				90615E882A3F2B3700D95838 /* Source */,
				9096D3F72A3ED0FC00B9EC48 /* Resources */,
				909D07572A2311C80082F768 /* LaunchScreen.storyboard */,
				909D075A2A2311C80082F768 /* Info.plist */,
			);
			path = Tracker;
			sourceTree = "<group>";
		};
		90A30D172A5599EC001A5493 /* Services */ = {
			isa = PBXGroup;
			children = (
				90A30D182A559A90001A5493 /* TrackersStorageService.swift */,
			);
			path = Services;
			sourceTree = "<group>";
		};
		90C975E12A4DC6EA00FAD486 /* CellModels */ = {
			isa = PBXGroup;
			children = (
				90954FE02A4FA83300D4CB9A /* TrackerTitleTextFieldCellModel.swift */,
				90954FF02A4FDE6200D4CB9A /* TrackerErrorCellModel.swift */,
				90C975E22A4DC71800FAD486 /* TrackerCategoryPickerCellModel.swift */,
				90954FEC2A4FD9E300D4CB9A /* TrackerSchedulePickerCellModel.swift */,
				90576AA92A6574830036C948 /* TrackerEmojiPickerCellModel.swift */,
				905A90D52A7011E500016876 /* TrackerColorPickerCellModel.swift */,
			);
			path = CellModels;
			sourceTree = "<group>";
		};
		90C975E62A4DCF7900FAD486 /* Helpers */ = {
			isa = PBXGroup;
			children = (
				90C975E42A4DCF7000FAD486 /* WeekDayFormatter.swift */,
			);
			path = Helpers;
			sourceTree = "<group>";
		};
		90C975E92A4DD00C00FAD486 /* Models */ = {
			isa = PBXGroup;
			children = (
				90C975E72A4DD00900FAD486 /* WeekDay.swift */,
			);
			path = Models;
			sourceTree = "<group>";
		};
		90CE65CA2A5059E800E3540C /* CategoryCreation */ = {
			isa = PBXGroup;
			children = (
				90CE65CB2A5059FC00E3540C /* View */,
			);
			path = CategoryCreation;
			sourceTree = "<group>";
		};
		90CE65CB2A5059FC00E3540C /* View */ = {
			isa = PBXGroup;
			children = (
				90CE65CC2A505A0C00E3540C /* CategoryCreationViewController.swift */,
			);
			path = View;
			sourceTree = "<group>";
		};
		90F182A42A4EF9F5007F99CD /* TrackerTypePicker */ = {
			isa = PBXGroup;
			children = (
				90F182AA2A4EFC76007F99CD /* View */,
			);
			path = TrackerTypePicker;
			sourceTree = "<group>";
		};
		90F182A52A4EFA4D007F99CD /* TrackerCategoryPicker */ = {
			isa = PBXGroup;
			children = (
				90F182AB2A4EFC82007F99CD /* View */,
				90F182AC2A4EFD8D007F99CD /* Cells */,
				90F182AD2A4EFDA2007F99CD /* CellModels */,
			);
			path = TrackerCategoryPicker;
			sourceTree = "<group>";
		};
		90F182A82A4EFC3A007F99CD /* View */ = {
			isa = PBXGroup;
			children = (
				9012D2D12A4BD3CF006F39A2 /* TrackerFormViewController.swift */,
				90576AAB2A6576290036C948 /* TrackerFormHeaderView.swift */,
			);
			path = View;
			sourceTree = "<group>";
		};
		90F182A92A4EFC4E007F99CD /* Cells */ = {
			isa = PBXGroup;
			children = (
				905876012A4E683D0035E50A /* WeekDaySwitchCell.swift */,
			);
			path = Cells;
			sourceTree = "<group>";
		};
		90F182AA2A4EFC76007F99CD /* View */ = {
			isa = PBXGroup;
			children = (
				902363542A4B249B00A8896A /* TrackerTypePickerViewController.swift */,
			);
			path = View;
			sourceTree = "<group>";
		};
		90F182AB2A4EFC82007F99CD /* View */ = {
			isa = PBXGroup;
			children = (
				90F182A62A4EFA85007F99CD /* TrackerCategoryPickerViewController.swift */,
				90F182B22A4F05D2007F99CD /* TrackerCategoryPickerDelegate.swift */,
			);
			path = View;
			sourceTree = "<group>";
		};
		90F182AC2A4EFD8D007F99CD /* Cells */ = {
			isa = PBXGroup;
			children = (
				90F182B02A4EFE3B007F99CD /* TrackerCategoryCell.swift */,
			);
			path = Cells;
			sourceTree = "<group>";
		};
		90F182AD2A4EFDA2007F99CD /* CellModels */ = {
			isa = PBXGroup;
			children = (
				90F182AE2A4EFDDD007F99CD /* TrackerCategoryCellModel.swift */,
			);
			path = CellModels;
			sourceTree = "<group>";
		};
		90F53F5A2A4A69500062B877 /* View */ = {
			isa = PBXGroup;
			children = (
				909D07502A2311C70082F768 /* TrackersViewController.swift */,
				90984A622A48691C00FF3627 /* TrackerCardCollectionViewCell.swift */,
				908814CD2A49C7F800736AE6 /* TrackerCardsCategoryHeaderView.swift */,
			);
			path = View;
			sourceTree = "<group>";
		};
		90F53F5B2A4A6A580062B877 /* Models */ = {
			isa = PBXGroup;
			children = (
				90F53F5C2A4A6A770062B877 /* Tracker.swift */,
				90F53F602A4A6A900062B877 /* TrackerCategory.swift */,
				90F53F5E2A4A6A800062B877 /* TrackerRecord.swift */,
				9012D2D42A4BD4EE006F39A2 /* TrackerType.swift */,
			);
			path = Models;
			sourceTree = "<group>";
		};
		90F54ED72A52F91E0060F8DF /* View */ = {
			isa = PBXGroup;
			children = (
				90F54ED82A52F9430060F8DF /* StateButton.swift */,
				900086712A54173100010CDC /* TrackersPlaceholderStarView.swift */,
			);
			path = View;
			sourceTree = "<group>";
		};
		90FFBAFE2A6A4125009C3D8A /* TracklerEmojiPickerCell */ = {
			isa = PBXGroup;
			children = (
				90576AA02A64BE510036C948 /* TrackerEmojiPickerCell.swift */,
				90FFBAFF2A6A414B009C3D8A /* EmojiCell.swift */,
			);
			path = TracklerEmojiPickerCell;
			sourceTree = "<group>";
		};
/* End PBXGroup section */

/* Begin PBXNativeTarget section */
		909D07482A2311C70082F768 /* Tracker */ = {
			isa = PBXNativeTarget;
			buildConfigurationList = 909D075D2A2311C80082F768 /* Build configuration list for PBXNativeTarget "Tracker" */;
			buildPhases = (
				909D07452A2311C70082F768 /* Sources */,
				909D07462A2311C70082F768 /* Frameworks */,
				909D07472A2311C70082F768 /* Resources */,
			);
			buildRules = (
			);
			dependencies = (
			);
			name = Tracker;
			packageProductDependencies = (
				90A30D1B2A559D79001A5493 /* MulticastDelegate */,
			);
			productName = Tracker;
			productReference = 909D07492A2311C70082F768 /* Tracker.app */;
			productType = "com.apple.product-type.application";
		};
/* End PBXNativeTarget section */

/* Begin PBXProject section */
		909D07412A2311C70082F768 /* Project object */ = {
			isa = PBXProject;
			attributes = {
				BuildIndependentTargetsInParallel = 1;
				LastSwiftUpdateCheck = 1430;
				LastUpgradeCheck = 1430;
				TargetAttributes = {
					909D07482A2311C70082F768 = {
						CreatedOnToolsVersion = 14.3;
					};
				};
			};
			buildConfigurationList = 909D07442A2311C70082F768 /* Build configuration list for PBXProject "Tracker" */;
			compatibilityVersion = "Xcode 14.0";
			developmentRegion = en;
			hasScannedForEncodings = 0;
			knownRegions = (
				en,
				Base,
			);
			mainGroup = 909D07402A2311C70082F768;
			packageReferences = (
				90A30D1A2A559D79001A5493 /* XCRemoteSwiftPackageReference "MulticastDelegate" */,
			);
			productRefGroup = 909D074A2A2311C70082F768 /* Products */;
			projectDirPath = "";
			projectRoot = "";
			targets = (
				909D07482A2311C70082F768 /* Tracker */,
			);
		};
/* End PBXProject section */

/* Begin PBXResourcesBuildPhase section */
		909D07472A2311C70082F768 /* Resources */ = {
			isa = PBXResourcesBuildPhase;
			buildActionMask = 2147483647;
			files = (
				909D07592A2311C80082F768 /* LaunchScreen.storyboard in Resources */,
				9096D3FE2A3ED12800B9EC48 /* YS Display-Regular.ttf in Resources */,
				9096D3FD2A3ED12800B9EC48 /* YS Display-Medium.ttf in Resources */,
				9096D3FC2A3ED12800B9EC48 /* YS Display-Bold.ttf in Resources */,
				909D07562A2311C80082F768 /* Assets.xcassets in Resources */,
			);
			runOnlyForDeploymentPostprocessing = 0;
		};
/* End PBXResourcesBuildPhase section */

/* Begin PBXSourcesBuildPhase section */
		909D07452A2311C70082F768 /* Sources */ = {
			isa = PBXSourcesBuildPhase;
			buildActionMask = 2147483647;
			files = (
				90576AAC2A6576290036C948 /* TrackerFormHeaderView.swift in Sources */,
				90615E862A3EF3BE00D95838 /* UIFont+Tracker.swift in Sources */,
				905A90D62A7011E500016876 /* TrackerColorPickerCellModel.swift in Sources */,
				90CE65CD2A505A0C00E3540C /* CategoryCreationViewController.swift in Sources */,
				9012D2D22A4BD3CF006F39A2 /* TrackerFormViewController.swift in Sources */,
				902363552A4B249B00A8896A /* TrackerTypePickerViewController.swift in Sources */,
				9096D3F62A3EC64700B9EC48 /* UIColor+Tracker.swift in Sources */,
				90F53F5D2A4A6A770062B877 /* Tracker.swift in Sources */,
				90F53F5F2A4A6A800062B877 /* TrackerRecord.swift in Sources */,
				909D07512A2311C70082F768 /* TrackersViewController.swift in Sources */,
				905876042A4E89E60035E50A /* WeekDaySwitchCellModel.swift in Sources */,
				90F54ED92A52F9430060F8DF /* StateButton.swift in Sources */,
				90F53F632A4A799E0062B877 /* Array+Tracker.swift in Sources */,
				90576AAA2A6574830036C948 /* TrackerEmojiPickerCellModel.swift in Sources */,
				90F182A72A4EFA85007F99CD /* TrackerCategoryPickerViewController.swift in Sources */,
				90954FED2A4FD9E300D4CB9A /* TrackerSchedulePickerCellModel.swift in Sources */,
				90615E8E2A3F2CC300D95838 /* TabBarController.swift in Sources */,
				900086722A54173100010CDC /* TrackersPlaceholderStarView.swift in Sources */,
				90F182B12A4EFE3B007F99CD /* TrackerCategoryCell.swift in Sources */,
				90F182AF2A4EFDDD007F99CD /* TrackerCategoryCellModel.swift in Sources */,
				905876092A4E960C0035E50A /* WeekDayPickerDelegate.swift in Sources */,
				90954FF52A4FEFC100D4CB9A /* Tracker+UIEdgeInsets.swift in Sources */,
				90230F1F2A578FA100653870 /* Date+Tracker.swift in Sources */,
				90C162B62A763A9C00D3026E /* ColorCell.swift in Sources */,
				906950792A4D7D5A0046145D /* TrackerCategoryPickerCell.swift in Sources */,
				90576AA12A64BE510036C948 /* TrackerEmojiPickerCell.swift in Sources */,
				90C162B42A76387400D3026E /* TrackerColorPickerCell.swift in Sources */,
				90954FE72A4FC59500D4CB9A /* TrackerBaseCell.swift in Sources */,
				90954FE12A4FA83300D4CB9A /* TrackerTitleTextFieldCellModel.swift in Sources */,
				90954FF12A4FDE6200D4CB9A /* TrackerErrorCellModel.swift in Sources */,
				90954FE92A4FCEBE00D4CB9A /* TrackerBaseCellModelProtocol.swift in Sources */,
				90954FEB2A4FD24D00D4CB9A /* TrackerBaseCellModel.swift in Sources */,
				90F53F612A4A6A900062B877 /* TrackerCategory.swift in Sources */,
				9012D2D52A4BD4EE006F39A2 /* TrackerType.swift in Sources */,
				9012D2DA2A4C03AC006F39A2 /* TrackerTitleTextFieldCell.swift in Sources */,
				90954FF32A4FDF3000D4CB9A /* TrackerErrorCell.swift in Sources */,
				905876022A4E683D0035E50A /* WeekDaySwitchCell.swift in Sources */,
				90C975E82A4DD00900FAD486 /* WeekDay.swift in Sources */,
				90C975E52A4DCF7000FAD486 /* WeekDayFormatter.swift in Sources */,
				909D074D2A2311C70082F768 /* AppDelegate.swift in Sources */,
				90984A632A48691C00FF3627 /* TrackerCardCollectionViewCell.swift in Sources */,
				90FFBB002A6A414B009C3D8A /* EmojiCell.swift in Sources */,
				90954FEF2A4FDA8400D4CB9A /* TrackerSchedulePickerCell.swift in Sources */,
				905876002A4E65EF0035E50A /* WeekDayPickerViewController.swift in Sources */,
				90C975E32A4DC71800FAD486 /* TrackerCategoryPickerCellModel.swift in Sources */,
				909D074F2A2311C70082F768 /* SceneDelegate.swift in Sources */,
				90F182B32A4F05D2007F99CD /* TrackerCategoryPickerDelegate.swift in Sources */,
				90A30D192A559A90001A5493 /* TrackersStorageService.swift in Sources */,
				90615E922A3F363700D95838 /* StatisticsViewController.swift in Sources */,
				908814CE2A49C7F800736AE6 /* TrackerCardsCategoryHeaderView.swift in Sources */,
			);
			runOnlyForDeploymentPostprocessing = 0;
		};
/* End PBXSourcesBuildPhase section */

/* Begin PBXVariantGroup section */
		909D07572A2311C80082F768 /* LaunchScreen.storyboard */ = {
			isa = PBXVariantGroup;
			children = (
				909D07582A2311C80082F768 /* Base */,
			);
			name = LaunchScreen.storyboard;
			sourceTree = "<group>";
		};
/* End PBXVariantGroup section */

/* Begin XCBuildConfiguration section */
		909D075B2A2311C80082F768 /* Debug */ = {
			isa = XCBuildConfiguration;
			buildSettings = {
				ALWAYS_SEARCH_USER_PATHS = NO;
				CLANG_ANALYZER_NONNULL = YES;
				CLANG_ANALYZER_NUMBER_OBJECT_CONVERSION = YES_AGGRESSIVE;
				CLANG_CXX_LANGUAGE_STANDARD = "gnu++20";
				CLANG_ENABLE_MODULES = YES;
				CLANG_ENABLE_OBJC_ARC = YES;
				CLANG_ENABLE_OBJC_WEAK = YES;
				CLANG_WARN_BLOCK_CAPTURE_AUTORELEASING = YES;
				CLANG_WARN_BOOL_CONVERSION = YES;
				CLANG_WARN_COMMA = YES;
				CLANG_WARN_CONSTANT_CONVERSION = YES;
				CLANG_WARN_DEPRECATED_OBJC_IMPLEMENTATIONS = YES;
				CLANG_WARN_DIRECT_OBJC_ISA_USAGE = YES_ERROR;
				CLANG_WARN_DOCUMENTATION_COMMENTS = YES;
				CLANG_WARN_EMPTY_BODY = YES;
				CLANG_WARN_ENUM_CONVERSION = YES;
				CLANG_WARN_INFINITE_RECURSION = YES;
				CLANG_WARN_INT_CONVERSION = YES;
				CLANG_WARN_NON_LITERAL_NULL_CONVERSION = YES;
				CLANG_WARN_OBJC_IMPLICIT_RETAIN_SELF = YES;
				CLANG_WARN_OBJC_LITERAL_CONVERSION = YES;
				CLANG_WARN_OBJC_ROOT_CLASS = YES_ERROR;
				CLANG_WARN_QUOTED_INCLUDE_IN_FRAMEWORK_HEADER = YES;
				CLANG_WARN_RANGE_LOOP_ANALYSIS = YES;
				CLANG_WARN_STRICT_PROTOTYPES = YES;
				CLANG_WARN_SUSPICIOUS_MOVE = YES;
				CLANG_WARN_UNGUARDED_AVAILABILITY = YES_AGGRESSIVE;
				CLANG_WARN_UNREACHABLE_CODE = YES;
				CLANG_WARN__DUPLICATE_METHOD_MATCH = YES;
				COPY_PHASE_STRIP = NO;
				DEBUG_INFORMATION_FORMAT = dwarf;
				ENABLE_STRICT_OBJC_MSGSEND = YES;
				ENABLE_TESTABILITY = YES;
				GCC_C_LANGUAGE_STANDARD = gnu11;
				GCC_DYNAMIC_NO_PIC = NO;
				GCC_NO_COMMON_BLOCKS = YES;
				GCC_OPTIMIZATION_LEVEL = 0;
				GCC_PREPROCESSOR_DEFINITIONS = (
					"DEBUG=1",
					"$(inherited)",
				);
				GCC_WARN_64_TO_32_BIT_CONVERSION = YES;
				GCC_WARN_ABOUT_RETURN_TYPE = YES_ERROR;
				GCC_WARN_UNDECLARED_SELECTOR = YES;
				GCC_WARN_UNINITIALIZED_AUTOS = YES_AGGRESSIVE;
				GCC_WARN_UNUSED_FUNCTION = YES;
				GCC_WARN_UNUSED_VARIABLE = YES;
				IPHONEOS_DEPLOYMENT_TARGET = 13.4;
				MTL_ENABLE_DEBUG_INFO = INCLUDE_SOURCE;
				MTL_FAST_MATH = YES;
				ONLY_ACTIVE_ARCH = YES;
				SDKROOT = iphoneos;
				SWIFT_ACTIVE_COMPILATION_CONDITIONS = DEBUG;
				SWIFT_OPTIMIZATION_LEVEL = "-Onone";
			};
			name = Debug;
		};
		909D075C2A2311C80082F768 /* Release */ = {
			isa = XCBuildConfiguration;
			buildSettings = {
				ALWAYS_SEARCH_USER_PATHS = NO;
				CLANG_ANALYZER_NONNULL = YES;
				CLANG_ANALYZER_NUMBER_OBJECT_CONVERSION = YES_AGGRESSIVE;
				CLANG_CXX_LANGUAGE_STANDARD = "gnu++20";
				CLANG_ENABLE_MODULES = YES;
				CLANG_ENABLE_OBJC_ARC = YES;
				CLANG_ENABLE_OBJC_WEAK = YES;
				CLANG_WARN_BLOCK_CAPTURE_AUTORELEASING = YES;
				CLANG_WARN_BOOL_CONVERSION = YES;
				CLANG_WARN_COMMA = YES;
				CLANG_WARN_CONSTANT_CONVERSION = YES;
				CLANG_WARN_DEPRECATED_OBJC_IMPLEMENTATIONS = YES;
				CLANG_WARN_DIRECT_OBJC_ISA_USAGE = YES_ERROR;
				CLANG_WARN_DOCUMENTATION_COMMENTS = YES;
				CLANG_WARN_EMPTY_BODY = YES;
				CLANG_WARN_ENUM_CONVERSION = YES;
				CLANG_WARN_INFINITE_RECURSION = YES;
				CLANG_WARN_INT_CONVERSION = YES;
				CLANG_WARN_NON_LITERAL_NULL_CONVERSION = YES;
				CLANG_WARN_OBJC_IMPLICIT_RETAIN_SELF = YES;
				CLANG_WARN_OBJC_LITERAL_CONVERSION = YES;
				CLANG_WARN_OBJC_ROOT_CLASS = YES_ERROR;
				CLANG_WARN_QUOTED_INCLUDE_IN_FRAMEWORK_HEADER = YES;
				CLANG_WARN_RANGE_LOOP_ANALYSIS = YES;
				CLANG_WARN_STRICT_PROTOTYPES = YES;
				CLANG_WARN_SUSPICIOUS_MOVE = YES;
				CLANG_WARN_UNGUARDED_AVAILABILITY = YES_AGGRESSIVE;
				CLANG_WARN_UNREACHABLE_CODE = YES;
				CLANG_WARN__DUPLICATE_METHOD_MATCH = YES;
				COPY_PHASE_STRIP = NO;
				DEBUG_INFORMATION_FORMAT = "dwarf-with-dsym";
				ENABLE_NS_ASSERTIONS = NO;
				ENABLE_STRICT_OBJC_MSGSEND = YES;
				GCC_C_LANGUAGE_STANDARD = gnu11;
				GCC_NO_COMMON_BLOCKS = YES;
				GCC_WARN_64_TO_32_BIT_CONVERSION = YES;
				GCC_WARN_ABOUT_RETURN_TYPE = YES_ERROR;
				GCC_WARN_UNDECLARED_SELECTOR = YES;
				GCC_WARN_UNINITIALIZED_AUTOS = YES_AGGRESSIVE;
				GCC_WARN_UNUSED_FUNCTION = YES;
				GCC_WARN_UNUSED_VARIABLE = YES;
				IPHONEOS_DEPLOYMENT_TARGET = 13.4;
				MTL_ENABLE_DEBUG_INFO = NO;
				MTL_FAST_MATH = YES;
				SDKROOT = iphoneos;
				SWIFT_COMPILATION_MODE = wholemodule;
				SWIFT_OPTIMIZATION_LEVEL = "-O";
				VALIDATE_PRODUCT = YES;
			};
			name = Release;
		};
		909D075E2A2311C80082F768 /* Debug */ = {
			isa = XCBuildConfiguration;
			buildSettings = {
				ASSETCATALOG_COMPILER_APPICON_NAME = AppIcon;
				ASSETCATALOG_COMPILER_GLOBAL_ACCENT_COLOR_NAME = AccentColor;
				CODE_SIGN_STYLE = Automatic;
				CURRENT_PROJECT_VERSION = 1;
				DEVELOPMENT_TEAM = 45X94MQMRK;
				GENERATE_INFOPLIST_FILE = YES;
				INFOPLIST_FILE = Tracker/Info.plist;
				INFOPLIST_KEY_UIApplicationSupportsIndirectInputEvents = YES;
				INFOPLIST_KEY_UILaunchStoryboardName = LaunchScreen;
				INFOPLIST_KEY_UISupportedInterfaceOrientations = UIInterfaceOrientationPortrait;
				IPHONEOS_DEPLOYMENT_TARGET = 13.4;
				LD_RUNPATH_SEARCH_PATHS = (
					"$(inherited)",
					"@executable_path/Frameworks",
				);
				MARKETING_VERSION = 1.0;
				PRODUCT_BUNDLE_IDENTIFIER = com.PowerSl1d3.Tracker;
				PRODUCT_NAME = "$(TARGET_NAME)";
				SUPPORTED_PLATFORMS = "iphoneos iphonesimulator";
				SUPPORTS_MACCATALYST = NO;
				SUPPORTS_MAC_DESIGNED_FOR_IPHONE_IPAD = NO;
				SWIFT_EMIT_LOC_STRINGS = YES;
				SWIFT_VERSION = 5.0;
				TARGETED_DEVICE_FAMILY = 1;
			};
			name = Debug;
		};
		909D075F2A2311C80082F768 /* Release */ = {
			isa = XCBuildConfiguration;
			buildSettings = {
				ASSETCATALOG_COMPILER_APPICON_NAME = AppIcon;
				ASSETCATALOG_COMPILER_GLOBAL_ACCENT_COLOR_NAME = AccentColor;
				CODE_SIGN_STYLE = Automatic;
				CURRENT_PROJECT_VERSION = 1;
				DEVELOPMENT_TEAM = 45X94MQMRK;
				GENERATE_INFOPLIST_FILE = YES;
				INFOPLIST_FILE = Tracker/Info.plist;
				INFOPLIST_KEY_UIApplicationSupportsIndirectInputEvents = YES;
				INFOPLIST_KEY_UILaunchStoryboardName = LaunchScreen;
				INFOPLIST_KEY_UISupportedInterfaceOrientations = UIInterfaceOrientationPortrait;
				IPHONEOS_DEPLOYMENT_TARGET = 13.4;
				LD_RUNPATH_SEARCH_PATHS = (
					"$(inherited)",
					"@executable_path/Frameworks",
				);
				MARKETING_VERSION = 1.0;
				PRODUCT_BUNDLE_IDENTIFIER = com.PowerSl1d3.Tracker;
				PRODUCT_NAME = "$(TARGET_NAME)";
				SUPPORTED_PLATFORMS = "iphoneos iphonesimulator";
				SUPPORTS_MACCATALYST = NO;
				SUPPORTS_MAC_DESIGNED_FOR_IPHONE_IPAD = NO;
				SWIFT_EMIT_LOC_STRINGS = YES;
				SWIFT_VERSION = 5.0;
				TARGETED_DEVICE_FAMILY = 1;
			};
			name = Release;
		};
/* End XCBuildConfiguration section */

/* Begin XCConfigurationList section */
		909D07442A2311C70082F768 /* Build configuration list for PBXProject "Tracker" */ = {
			isa = XCConfigurationList;
			buildConfigurations = (
				909D075B2A2311C80082F768 /* Debug */,
				909D075C2A2311C80082F768 /* Release */,
			);
			defaultConfigurationIsVisible = 0;
			defaultConfigurationName = Release;
		};
		909D075D2A2311C80082F768 /* Build configuration list for PBXNativeTarget "Tracker" */ = {
			isa = XCConfigurationList;
			buildConfigurations = (
				909D075E2A2311C80082F768 /* Debug */,
				909D075F2A2311C80082F768 /* Release */,
			);
			defaultConfigurationIsVisible = 0;
			defaultConfigurationName = Release;
		};
/* End XCConfigurationList section */

/* Begin XCRemoteSwiftPackageReference section */
		90A30D1A2A559D79001A5493 /* XCRemoteSwiftPackageReference "MulticastDelegate" */ = {
			isa = XCRemoteSwiftPackageReference;
			repositoryURL = "https://github.com/jonasman/MulticastDelegate";
			requirement = {
				kind = exactVersion;
				version = 2.1.5;
			};
		};
/* End XCRemoteSwiftPackageReference section */

/* Begin XCSwiftPackageProductDependency section */
		90A30D1B2A559D79001A5493 /* MulticastDelegate */ = {
			isa = XCSwiftPackageProductDependency;
			package = 90A30D1A2A559D79001A5493 /* XCRemoteSwiftPackageReference "MulticastDelegate" */;
			productName = MulticastDelegate;
		};
/* End XCSwiftPackageProductDependency section */
	};
	rootObject = 909D07412A2311C70082F768 /* Project object */;
}
